// !$*UTF8*$!
{
	archiveVersion = 1;
	classes = {
	};
	objectVersion = 46;
	objects = {

/* Begin PBXBuildFile section */
		8D62CC341B6CFE2800B2AE7C /* AppDelegate.swift in Sources */ = {isa = PBXBuildFile; fileRef = 8D62CC331B6CFE2800B2AE7C /* AppDelegate.swift */; };
		8D62CC361B6CFE2800B2AE7C /* ViewController.swift in Sources */ = {isa = PBXBuildFile; fileRef = 8D62CC351B6CFE2800B2AE7C /* ViewController.swift */; };
		8D62CC391B6CFE2800B2AE7C /* Main.storyboard in Resources */ = {isa = PBXBuildFile; fileRef = 8D62CC371B6CFE2800B2AE7C /* Main.storyboard */; };
		8D62CC3B1B6CFE2800B2AE7C /* Images.xcassets in Resources */ = {isa = PBXBuildFile; fileRef = 8D62CC3A1B6CFE2800B2AE7C /* Images.xcassets */; };
		8D62CC3E1B6CFE2800B2AE7C /* LaunchScreen.xib in Resources */ = {isa = PBXBuildFile; fileRef = 8D62CC3C1B6CFE2800B2AE7C /* LaunchScreen.xib */; };
		8D62CC4A1B6CFE2800B2AE7C /* FirstUICollectionViewTests.swift in Sources */ = {isa = PBXBuildFile; fileRef = 8D62CC491B6CFE2800B2AE7C /* FirstUICollectionViewTests.swift */; };
		8D62CC541B6CFF0500B2AE7C /* FirstCollectionViewController.swift in Sources */ = {isa = PBXBuildFile; fileRef = 8D62CC531B6CFF0500B2AE7C /* FirstCollectionViewController.swift */; };
/* End PBXBuildFile section */

/* Begin PBXContainerItemProxy section */
		8D62CC441B6CFE2800B2AE7C /* PBXContainerItemProxy */ = {
			isa = PBXContainerItemProxy;
			containerPortal = 8D62CC261B6CFE2800B2AE7C /* Project object */;
			proxyType = 1;
			remoteGlobalIDString = 8D62CC2D1B6CFE2800B2AE7C;
			remoteInfo = FirstUICollectionView;
		};
/* End PBXContainerItemProxy section */

/* Begin PBXFileReference section */
		8D62CC2E1B6CFE2800B2AE7C /* FirstUICollectionView.app */ = {isa = PBXFileReference; explicitFileType = wrapper.application; includeInIndex = 0; path = FirstUICollectionView.app; sourceTree = BUILT_PRODUCTS_DIR; };
		8D62CC321B6CFE2800B2AE7C /* Info.plist */ = {isa = PBXFileReference; lastKnownFileType = text.plist.xml; path = Info.plist; sourceTree = "<group>"; };
		8D62CC331B6CFE2800B2AE7C /* AppDelegate.swift */ = {isa = PBXFileReference; lastKnownFileType = sourcecode.swift; path = AppDelegate.swift; sourceTree = "<group>"; };
		8D62CC351B6CFE2800B2AE7C /* ViewController.swift */ = {isa = PBXFileReference; lastKnownFileType = sourcecode.swift; path = ViewController.swift; sourceTree = "<group>"; };
		8D62CC381B6CFE2800B2AE7C /* Base */ = {isa = PBXFileReference; lastKnownFileType = file.storyboard; name = Base; path = Base.lproj/Main.storyboard; sourceTree = "<group>"; };
		8D62CC3A1B6CFE2800B2AE7C /* Images.xcassets */ = {isa = PBXFileReference; lastKnownFileType = folder.assetcatalog; path = Images.xcassets; sourceTree = "<group>"; };
		8D62CC3D1B6CFE2800B2AE7C /* Base */ = {isa = PBXFileReference; lastKnownFileType = file.xib; name = Base; path = Base.lproj/LaunchScreen.xib; sourceTree = "<group>"; };
		8D62CC431B6CFE2800B2AE7C /* FirstUICollectionViewTests.xctest */ = {isa = PBXFileReference; explicitFileType = wrapper.cfbundle; includeInIndex = 0; path = FirstUICollectionViewTests.xctest; sourceTree = BUILT_PRODUCTS_DIR; };
		8D62CC481B6CFE2800B2AE7C /* Info.plist */ = {isa = PBXFileReference; lastKnownFileType = text.plist.xml; path = Info.plist; sourceTree = "<group>"; };
		8D62CC491B6CFE2800B2AE7C /* FirstUICollectionViewTests.swift */ = {isa = PBXFileReference; lastKnownFileType = sourcecode.swift; path = FirstUICollectionViewTests.swift; sourceTree = "<group>"; };
		8D62CC531B6CFF0500B2AE7C /* FirstCollectionViewController.swift */ = {isa = PBXFileReference; fileEncoding = 4; lastKnownFileType = sourcecode.swift; path = FirstCollectionViewController.swift; sourceTree = "<group>"; };
/* End PBXFileReference section */

/* Begin PBXFrameworksBuildPhase section */
		8D62CC2B1B6CFE2800B2AE7C /* Frameworks */ = {
			isa = PBXFrameworksBuildPhase;
			buildActionMask = 2147483647;
			files = (
			);
			runOnlyForDeploymentPostprocessing = 0;
		};
		8D62CC401B6CFE2800B2AE7C /* Frameworks */ = {
			isa = PBXFrameworksBuildPhase;
			buildActionMask = 2147483647;
			files = (
			);
			runOnlyForDeploymentPostprocessing = 0;
		};
/* End PBXFrameworksBuildPhase section */

/* Begin PBXGroup section */
		8D62CC251B6CFE2800B2AE7C = {
			isa = PBXGroup;
			children = (
				8D62CC301B6CFE2800B2AE7C /* FirstUICollectionView */,
				8D62CC461B6CFE2800B2AE7C /* FirstUICollectionViewTests */,
				8D62CC2F1B6CFE2800B2AE7C /* Products */,
			);
			sourceTree = "<group>";
		};
		8D62CC2F1B6CFE2800B2AE7C /* Products */ = {
			isa = PBXGroup;
			children = (
				8D62CC2E1B6CFE2800B2AE7C /* FirstUICollectionView.app */,
				8D62CC431B6CFE2800B2AE7C /* FirstUICollectionViewTests.xctest */,
			);
			name = Products;
			sourceTree = "<group>";
		};
		8D62CC301B6CFE2800B2AE7C /* FirstUICollectionView */ = {
			isa = PBXGroup;
			children = (
				8D62CC331B6CFE2800B2AE7C /* AppDelegate.swift */,
				8D62CC351B6CFE2800B2AE7C /* ViewController.swift */,
				8D62CC371B6CFE2800B2AE7C /* Main.storyboard */,
				8D62CC531B6CFF0500B2AE7C /* FirstCollectionViewController.swift */,
				8D62CC3A1B6CFE2800B2AE7C /* Images.xcassets */,
				8D62CC3C1B6CFE2800B2AE7C /* LaunchScreen.xib */,
				8D62CC311B6CFE2800B2AE7C /* Supporting Files */,
			);
			path = FirstUICollectionView;
			sourceTree = "<group>";
		};
		8D62CC311B6CFE2800B2AE7C /* Supporting Files */ = {
			isa = PBXGroup;
			children = (
				8D62CC321B6CFE2800B2AE7C /* Info.plist */,
			);
			name = "Supporting Files";
			sourceTree = "<group>";
		};
		8D62CC461B6CFE2800B2AE7C /* FirstUICollectionViewTests */ = {
			isa = PBXGroup;
			children = (
				8D62CC491B6CFE2800B2AE7C /* FirstUICollectionViewTests.swift */,
				8D62CC471B6CFE2800B2AE7C /* Supporting Files */,
			);
			path = FirstUICollectionViewTests;
			sourceTree = "<group>";
		};
		8D62CC471B6CFE2800B2AE7C /* Supporting Files */ = {
			isa = PBXGroup;
			children = (
				8D62CC481B6CFE2800B2AE7C /* Info.plist */,
			);
			name = "Supporting Files";
			sourceTree = "<group>";
		};
/* End PBXGroup section */

/* Begin PBXNativeTarget section */
		8D62CC2D1B6CFE2800B2AE7C /* FirstUICollectionView */ = {
			isa = PBXNativeTarget;
			buildConfigurationList = 8D62CC4D1B6CFE2800B2AE7C /* Build configuration list for PBXNativeTarget "FirstUICollectionView" */;
			buildPhases = (
				8D62CC2A1B6CFE2800B2AE7C /* Sources */,
				8D62CC2B1B6CFE2800B2AE7C /* Frameworks */,
				8D62CC2C1B6CFE2800B2AE7C /* Resources */,
			);
			buildRules = (
			);
			dependencies = (
			);
			name = FirstUICollectionView;
			productName = FirstUICollectionView;
			productReference = 8D62CC2E1B6CFE2800B2AE7C /* FirstUICollectionView.app */;
			productType = "com.apple.product-type.application";
		};
		8D62CC421B6CFE2800B2AE7C /* FirstUICollectionViewTests */ = {
			isa = PBXNativeTarget;
			buildConfigurationList = 8D62CC501B6CFE2800B2AE7C /* Build configuration list for PBXNativeTarget "FirstUICollectionViewTests" */;
			buildPhases = (
				8D62CC3F1B6CFE2800B2AE7C /* Sources */,
				8D62CC401B6CFE2800B2AE7C /* Frameworks */,
				8D62CC411B6CFE2800B2AE7C /* Resources */,
			);
			buildRules = (
			);
			dependencies = (
				8D62CC451B6CFE2800B2AE7C /* PBXTargetDependency */,
			);
			name = FirstUICollectionViewTests;
			productName = FirstUICollectionViewTests;
			productReference = 8D62CC431B6CFE2800B2AE7C /* FirstUICollectionViewTests.xctest */;
			productType = "com.apple.product-type.bundle.unit-test";
		};
/* End PBXNativeTarget section */

/* Begin PBXProject section */
		8D62CC261B6CFE2800B2AE7C /* Project object */ = {
			isa = PBXProject;
			attributes = {
				LastUpgradeCheck = 0640;
				ORGANIZATIONNAME = MAWAPE;
				TargetAttributes = {
					8D62CC2D1B6CFE2800B2AE7C = {
						CreatedOnToolsVersion = 6.4;
					};
					8D62CC421B6CFE2800B2AE7C = {
						CreatedOnToolsVersion = 6.4;
						TestTargetID = 8D62CC2D1B6CFE2800B2AE7C;
					};
				};
			};
			buildConfigurationList = 8D62CC291B6CFE2800B2AE7C /* Build configuration list for PBXProject "FirstUICollectionView" */;
			compatibilityVersion = "Xcode 3.2";
			developmentRegion = English;
			hasScannedForEncodings = 0;
			knownRegions = (
				en,
				Base,
			);
			mainGroup = 8D62CC251B6CFE2800B2AE7C;
			productRefGroup = 8D62CC2F1B6CFE2800B2AE7C /* Products */;
			projectDirPath = "";
			projectRoot = "";
			targets = (
				8D62CC2D1B6CFE2800B2AE7C /* FirstUICollectionView */,
				8D62CC421B6CFE2800B2AE7C /* FirstUICollectionViewTests */,
			);
		};
/* End PBXProject section */

/* Begin PBXResourcesBuildPhase section */
		8D62CC2C1B6CFE2800B2AE7C /* Resources */ = {
			isa = PBXResourcesBuildPhase;
			buildActionMask = 2147483647;
			files = (
				8D62CC391B6CFE2800B2AE7C /* Main.storyboard in Resources */,
				8D62CC3E1B6CFE2800B2AE7C /* LaunchScreen.xib in Resources */,
				8D62CC3B1B6CFE2800B2AE7C /* Images.xcassets in Resources */,
			);
			runOnlyForDeploymentPostprocessing = 0;
		};
		8D62CC411B6CFE2800B2AE7C /* Resources */ = {
			isa = PBXResourcesBuildPhase;
			buildActionMask = 2147483647;
			files = (
			);
			runOnlyForDeploymentPostprocessing = 0;
		};
/* End PBXResourcesBuildPhase section */

/* Begin PBXSourcesBuildPhase section */
		8D62CC2A1B6CFE2800B2AE7C /* Sources */ = {
			isa = PBXSourcesBuildPhase;
			buildActionMask = 2147483647;
			files = (
				8D62CC541B6CFF0500B2AE7C /* FirstCollectionViewController.swift in Sources */,
				8D62CC361B6CFE2800B2AE7C /* ViewController.swift in Sources */,
				8D62CC341B6CFE2800B2AE7C /* AppDelegate.swift in Sources */,
			);
			runOnlyForDeploymentPostprocessing = 0;
		};
		8D62CC3F1B6CFE2800B2AE7C /* Sources */ = {
			isa = PBXSourcesBuildPhase;
			buildActionMask = 2147483647;
			files = (
				8D62CC4A1B6CFE2800B2AE7C /* FirstUICollectionViewTests.swift in Sources */,
			);
			runOnlyForDeploymentPostprocessing = 0;
		};
/* End PBXSourcesBuildPhase section */

/* Begin PBXTargetDependency section */
		8D62CC451B6CFE2800B2AE7C /* PBXTargetDependency */ = {
			isa = PBXTargetDependency;
			target = 8D62CC2D1B6CFE2800B2AE7C /* FirstUICollectionView */;
			targetProxy = 8D62CC441B6CFE2800B2AE7C /* PBXContainerItemProxy */;
		};
/* End PBXTargetDependency section */

/* Begin PBXVariantGroup section */
		8D62CC371B6CFE2800B2AE7C /* Main.storyboard */ = {
			isa = PBXVariantGroup;
			children = (
				8D62CC381B6CFE2800B2AE7C /* Base */,
			);
			name = Main.storyboard;
			sourceTree = "<group>";
		};
		8D62CC3C1B6CFE2800B2AE7C /* LaunchScreen.xib */ = {
			isa = PBXVariantGroup;
			children = (
				8D62CC3D1B6CFE2800B2AE7C /* Base */,
			);
			name = LaunchScreen.xib;
			sourceTree = "<group>";
		};
/* End PBXVariantGroup section */

/* Begin XCBuildConfiguration section */
		8D62CC4B1B6CFE2800B2AE7C /* Debug */ = {
			isa = XCBuildConfiguration;
			buildSettings = {
				ALWAYS_SEARCH_USER_PATHS = NO;
				CLANG_CXX_LANGUAGE_STANDARD = "gnu++0x";
				CLANG_CXX_LIBRARY = "libc++";
				CLANG_ENABLE_MODULES = YES;
				CLANG_ENABLE_OBJC_ARC = YES;
				CLANG_WARN_BOOL_CONVERSION = YES;
				CLANG_WARN_CONSTANT_CONVERSION = YES;
				CLANG_WARN_DIRECT_OBJC_ISA_USAGE = YES_ERROR;
				CLANG_WARN_EMPTY_BODY = YES;
				CLANG_WARN_ENUM_CONVERSION = YES;
				CLANG_WARN_INT_CONVERSION = YES;
				CLANG_WARN_OBJC_ROOT_CLASS = YES_ERROR;
				CLANG_WARN_UNREACHABLE_CODE = YES;
				CLANG_WARN__DUPLICATE_METHOD_MATCH = YES;
				"CODE_SIGN_IDENTITY[sdk=iphoneos*]" = "iPhone Developer";
				COPY_PHASE_STRIP = NO;
				DEBUG_INFORMATION_FORMAT = "dwarf-with-dsym";
				ENABLE_STRICT_OBJC_MSGSEND = YES;
				GCC_C_LANGUAGE_STANDARD = gnu99;
				GCC_DYNAMIC_NO_PIC = NO;
				GCC_NO_COMMON_BLOCKS = YES;
				GCC_OPTIMIZATION_LEVEL = 0;
				GCC_PREPROCESSOR_DEFINITIONS = (
					"DEBUG=1",
					"$(inherited)",
				);
				GCC_SYMBOLS_PRIVATE_EXTERN = NO;
				GCC_WARN_64_TO_32_BIT_CONVERSION = YES;
				GCC_WARN_ABOUT_RETURN_TYPE = YES_ERROR;
				GCC_WARN_UNDECLARED_SELECTOR = YES;
				GCC_WARN_UNINITIALIZED_AUTOS = YES_AGGRESSIVE;
				GCC_WARN_UNUSED_FUNCTION = YES;
				GCC_WARN_UNUSED_VARIABLE = YES;
				IPHONEOS_DEPLOYMENT_TARGET = 8.4;
				MTL_ENABLE_DEBUG_INFO = YES;
				ONLY_ACTIVE_ARCH = YES;
				SDKROOT = iphoneos;
				SWIFT_OPTIMIZATION_LEVEL = "-Onone";
			};
			name = Debug;
		};
		8D62CC4C1B6CFE2800B2AE7C /* Release */ = {
			isa = XCBuildConfiguration;
			buildSettings = {
				ALWAYS_SEARCH_USER_PATHS = NO;
				CLANG_CXX_LANGUAGE_STANDARD = "gnu++0x";
				CLANG_CXX_LIBRARY = "libc++";
				CLANG_ENABLE_MODULES = YES;
				CLANG_ENABLE_OBJC_ARC = YES;
				CLANG_WARN_BOOL_CONVERSION = YES;
				CLANG_WARN_CONSTANT_CONVERSION = YES;
				CLANG_WARN_DIRECT_OBJC_ISA_USAGE = YES_ERROR;
				CLANG_WARN_EMPTY_BODY = YES;
				CLANG_WARN_ENUM_CONVERSION = YES;
				CLANG_WARN_INT_CONVERSION = YES;
				CLANG_WARN_OBJC_ROOT_CLASS = YES_ERROR;
				CLANG_WARN_UNREACHABLE_CODE = YES;
				CLANG_WARN__DUPLICATE_METHOD_MATCH = YES;
				"CODE_SIGN_IDENTITY[sdk=iphoneos*]" = "iPhone Developer";
				COPY_PHASE_STRIP = NO;
				DEBUG_INFORMATION_FORMAT = "dwarf-with-dsym";
				ENABLE_NS_ASSERTIONS = NO;
				ENABLE_STRICT_OBJC_MSGSEND = YES;
				GCC_C_LANGUAGE_STANDARD = gnu99;
				GCC_NO_COMMON_BLOCKS = YES;
				GCC_WARN_64_TO_32_BIT_CONVERSION = YES;
				GCC_WARN_ABOUT_RETURN_TYPE = YES_ERROR;
				GCC_WARN_UNDECLARED_SELECTOR = YES;
				GCC_WARN_UNINITIALIZED_AUTOS = YES_AGGRESSIVE;
				GCC_WARN_UNUSED_FUNCTION = YES;
				GCC_WARN_UNUSED_VARIABLE = YES;
				IPHONEOS_DEPLOYMENT_TARGET = 8.4;
				MTL_ENABLE_DEBUG_INFO = NO;
				SDKROOT = iphoneos;
				VALIDATE_PRODUCT = YES;
			};
			name = Release;
		};
		8D62CC4E1B6CFE2800B2AE7C /* Debug */ = {
			isa = XCBuildConfiguration;
			buildSettings = {
				ASSETCATALOG_COMPILER_APPICON_NAME = AppIcon;
				INFOPLIST_FILE = FirstUICollectionView/Info.plist;
				LD_RUNPATH_SEARCH_PATHS = "$(inherited) @executable_path/Frameworks";
				PRODUCT_NAME = "$(TARGET_NAME)";
			};
			name = Debug;
		};
		8D62CC4F1B6CFE2800B2AE7C /* Release */ = {
			isa = XCBuildConfiguration;
			buildSettings = {
				ASSETCATALOG_COMPILER_APPICON_NAME = AppIcon;
				INFOPLIST_FILE = FirstUICollectionView/Info.plist;
				LD_RUNPATH_SEARCH_PATHS = "$(inherited) @executable_path/Frameworks";
				PRODUCT_NAME = "$(TARGET_NAME)";
			};
			name = Release;
		};
		8D62CC511B6CFE2800B2AE7C /* Debug */ = {
			isa = XCBuildConfiguration;
			buildSettings = {
				BUNDLE_LOADER = "$(TEST_HOST)";
				FRAMEWORK_SEARCH_PATHS = (
					"$(SDKROOT)/Developer/Library/Frameworks",
					"$(inherited)",
				);
				GCC_PREPROCESSOR_DEFINITIONS = (
					"DEBUG=1",
					"$(inherited)",
				);
				INFOPLIST_FILE = FirstUICollectionViewTests/Info.plist;
				LD_RUNPATH_SEARCH_PATHS = "$(inherited) @executable_path/Frameworks @loader_path/Frameworks";
				PRODUCT_NAME = "$(TARGET_NAME)";
				TEST_HOST = "$(BUILT_PRODUCTS_DIR)/FirstUICollectionView.app/FirstUICollectionView";
			};
			name = Debug;
		};
		8D62CC521B6CFE2800B2AE7C /* Release */ = {
			isa = XCBuildConfiguration;
			buildSettings = {
				BUNDLE_LOADER = "$(TEST_HOST)";
				FRAMEWORK_SEARCH_PATHS = (
					"$(SDKROOT)/Developer/Library/Frameworks",
					"$(inherited)",
				);
				INFOPLIST_FILE = FirstUICollectionViewTests/Info.plist;
				LD_RUNPATH_SEARCH_PATHS = "$(inherited) @executable_path/Frameworks @loader_path/Frameworks";
				PRODUCT_NAME = "$(TARGET_NAME)";
				TEST_HOST = "$(BUILT_PRODUCTS_DIR)/FirstUICollectionView.app/FirstUICollectionView";
			};
			name = Release;
		};
/* End XCBuildConfiguration section */

/* Begin XCConfigurationList section */
		8D62CC291B6CFE2800B2AE7C /* Build configuration list for PBXProject "FirstUICollectionView" */ = {
			isa = XCConfigurationList;
			buildConfigurations = (
				8D62CC4B1B6CFE2800B2AE7C /* Debug */,
				8D62CC4C1B6CFE2800B2AE7C /* Release */,
			);
			defaultConfigurationIsVisible = 0;
			defaultConfigurationName = Release;
		};
		8D62CC4D1B6CFE2800B2AE7C /* Build configuration list for PBXNativeTarget "FirstUICollectionView" */ = {
			isa = XCConfigurationList;
			buildConfigurations = (
				8D62CC4E1B6CFE2800B2AE7C /* Debug */,
				8D62CC4F1B6CFE2800B2AE7C /* Release */,
			);
			defaultConfigurationIsVisible = 0;
		};
		8D62CC501B6CFE2800B2AE7C /* Build configuration list for PBXNativeTarget "FirstUICollectionViewTests" */ = {
			isa = XCConfigurationList;
			buildConfigurations = (
				8D62CC511B6CFE2800B2AE7C /* Debug */,
				8D62CC521B6CFE2800B2AE7C /* Release */,
			);
			defaultConfigurationIsVisible = 0;
		};
/* End XCConfigurationList section */
	};
	rootObject = 8D62CC261B6CFE2800B2AE7C /* Project object */;
}
